
Microsoft Visual Studio Solution File, Format Version 12.00
# Visual Studio Version 16
VisualStudioVersion = 16.0.29306.81
MinimumVisualStudioVersion = 10.0.40219.1
Project("{8BC9CEB8-8B4A-11D0-8D11-00A0C91BC942}") = "DSPElib", "src\DSPElib.vcxproj", "{8B31DF82-CF28-464B-A1FA-90AA08C50F4C}"
EndProject
Project("{8BC9CEB8-8B4A-11D0-8D11-00A0C91BC942}") = "DSPElib_examples", "examples\DSPElib_examples.vcxproj", "{94E43F8A-C081-44B7-9279-C9A454D1B5BD}"
EndProject
Project("{8BC9CEB8-8B4A-11D0-8D11-00A0C91BC942}") = "echo", "examples\echo.vcxproj", "{00E43F8A-C081-44B7-9279-C9A454D1B5BD}"
EndProject
Project("{8BC9CEB8-8B4A-11D0-8D11-00A0C91BC942}") = "hello", "examples\hello.vcxproj", "{FEC3B855-C8F4-4E6C-8E27-7E447BE70A89}"
EndProject
Project("{8BC9CEB8-8B4A-11D0-8D11-00A0C91BC942}") = "sound_input", "examples\sound_input.vcxproj", "{B5C5915D-2A26-48A8-89C6-14EB57CD4D30}"
EndProject
Project("{8BC9CEB8-8B4A-11D0-8D11-00A0C91BC942}") = "asynchronous", "examples\asynchronous.vcxproj", "{757C7359-DDD5-4D8D-B043-71E31D9356AF}"
EndProject
Project("{8BC9CEB8-8B4A-11D0-8D11-00A0C91BC942}") = "asynchronous_CT", "examples\asynchronous_CT.vcxproj", "{ED05A893-091B-4D2E-B236-BE28892BE112}"
EndProject
Project("{8BC9CEB8-8B4A-11D0-8D11-00A0C91BC942}") = "multirate", "examples\multirate.vcxproj", "{9F0198F0-92CC-4A4B-92B8-8E1C18F51CCA}"
EndProject
Project("{8BC9CEB8-8B4A-11D0-8D11-00A0C91BC942}") = "callbacks", "examples\callbacks.vcxproj", "{E891148D-B125-49EE-90A0-AF2C35065F85}"
EndProject
Project("{8BC9CEB8-8B4A-11D0-8D11-00A0C91BC942}") = "socket_server", "examples\socket_server.vcxproj", "{CF8EE7FE-3630-4369-A156-E564C700BC87}"
EndProject
Project("{8BC9CEB8-8B4A-11D0-8D11-00A0C91BC942}") = "socket_client", "examples\socket_client.vcxproj", "{952F1D88-A05D-4FE7-855E-D875179AE5AA}"
EndProject
Project("{8BC9CEB8-8B4A-11D0-8D11-00A0C91BC942}") = "socket_server_2", "examples\socket_server_2.vcxproj", "{16A96877-9609-496E-A192-53F8BA32DBC1}"
EndProject
Project("{8BC9CEB8-8B4A-11D0-8D11-00A0C91BC942}") = "socket_client_2", "examples\socket_client_2.vcxproj", "{46FB6072-FCEC-4AB8-B623-BDEFC4DBD363}"
EndProject
Project("{8BC9CEB8-8B4A-11D0-8D11-00A0C91BC942}") = "macro_example", "examples\macro_example.vcxproj", "{639D5F8E-119E-491D-93E1-A9252EC2891A}"
EndProject
Global
	GlobalSection(SolutionConfigurationPlatforms) = preSolution
		Debug|x64 = Debug|x64
		Debug|x86 = Debug|x86
		Release|x64 = Release|x64
		Release|x86 = Release|x86
	EndGlobalSection
	GlobalSection(ProjectConfigurationPlatforms) = postSolution
		{8B31DF82-CF28-464B-A1FA-90AA08C50F4C}.Debug|x64.ActiveCfg = Debug|x64
		{8B31DF82-CF28-464B-A1FA-90AA08C50F4C}.Debug|x64.Build.0 = Debug|x64
		{8B31DF82-CF28-464B-A1FA-90AA08C50F4C}.Debug|x86.ActiveCfg = Debug|Win32
		{8B31DF82-CF28-464B-A1FA-90AA08C50F4C}.Debug|x86.Build.0 = Debug|Win32
		{8B31DF82-CF28-464B-A1FA-90AA08C50F4C}.Release|x64.ActiveCfg = Release|x64
		{8B31DF82-CF28-464B-A1FA-90AA08C50F4C}.Release|x64.Build.0 = Release|x64
		{8B31DF82-CF28-464B-A1FA-90AA08C50F4C}.Release|x86.ActiveCfg = Release|Win32
		{8B31DF82-CF28-464B-A1FA-90AA08C50F4C}.Release|x86.Build.0 = Release|Win32
		{94E43F8A-C081-44B7-9279-C9A454D1B5BD}.Debug|x64.ActiveCfg = Debug|x64
		{94E43F8A-C081-44B7-9279-C9A454D1B5BD}.Debug|x64.Build.0 = Debug|x64
		{94E43F8A-C081-44B7-9279-C9A454D1B5BD}.Debug|x86.ActiveCfg = Debug|Win32
		{94E43F8A-C081-44B7-9279-C9A454D1B5BD}.Debug|x86.Build.0 = Debug|Win32
		{94E43F8A-C081-44B7-9279-C9A454D1B5BD}.Release|x64.ActiveCfg = Release|x64
		{94E43F8A-C081-44B7-9279-C9A454D1B5BD}.Release|x64.Build.0 = Release|x64
		{94E43F8A-C081-44B7-9279-C9A454D1B5BD}.Release|x86.ActiveCfg = Release|Win32
		{94E43F8A-C081-44B7-9279-C9A454D1B5BD}.Release|x86.Build.0 = Release|Win32
		{00E43F8A-C081-44B7-9279-C9A454D1B5BD}.Debug|x64.ActiveCfg = Debug|x64
		{00E43F8A-C081-44B7-9279-C9A454D1B5BD}.Debug|x64.Build.0 = Debug|x64
		{00E43F8A-C081-44B7-9279-C9A454D1B5BD}.Debug|x86.ActiveCfg = Debug|Win32
		{00E43F8A-C081-44B7-9279-C9A454D1B5BD}.Debug|x86.Build.0 = Debug|Win32
		{00E43F8A-C081-44B7-9279-C9A454D1B5BD}.Release|x64.ActiveCfg = Release|x64
		{00E43F8A-C081-44B7-9279-C9A454D1B5BD}.Release|x64.Build.0 = Release|x64
		{00E43F8A-C081-44B7-9279-C9A454D1B5BD}.Release|x86.ActiveCfg = Release|Win32
		{00E43F8A-C081-44B7-9279-C9A454D1B5BD}.Release|x86.Build.0 = Release|Win32
		{FEC3B855-C8F4-4E6C-8E27-7E447BE70A89}.Debug|x64.ActiveCfg = Debug|x64
		{FEC3B855-C8F4-4E6C-8E27-7E447BE70A89}.Debug|x64.Build.0 = Debug|x64
		{FEC3B855-C8F4-4E6C-8E27-7E447BE70A89}.Debug|x86.ActiveCfg = Debug|Win32
		{FEC3B855-C8F4-4E6C-8E27-7E447BE70A89}.Debug|x86.Build.0 = Debug|Win32
		{FEC3B855-C8F4-4E6C-8E27-7E447BE70A89}.Release|x64.ActiveCfg = Release|x64
		{FEC3B855-C8F4-4E6C-8E27-7E447BE70A89}.Release|x64.Build.0 = Release|x64
		{FEC3B855-C8F4-4E6C-8E27-7E447BE70A89}.Release|x86.ActiveCfg = Release|Win32
		{FEC3B855-C8F4-4E6C-8E27-7E447BE70A89}.Release|x86.Build.0 = Release|Win32
		{B5C5915D-2A26-48A8-89C6-14EB57CD4D30}.Debug|x64.ActiveCfg = Debug|x64
		{B5C5915D-2A26-48A8-89C6-14EB57CD4D30}.Debug|x64.Build.0 = Debug|x64
		{B5C5915D-2A26-48A8-89C6-14EB57CD4D30}.Debug|x86.ActiveCfg = Debug|Win32
		{B5C5915D-2A26-48A8-89C6-14EB57CD4D30}.Debug|x86.Build.0 = Debug|Win32
		{B5C5915D-2A26-48A8-89C6-14EB57CD4D30}.Release|x64.ActiveCfg = Release|x64
		{B5C5915D-2A26-48A8-89C6-14EB57CD4D30}.Release|x64.Build.0 = Release|x64
		{B5C5915D-2A26-48A8-89C6-14EB57CD4D30}.Release|x86.ActiveCfg = Release|Win32
		{B5C5915D-2A26-48A8-89C6-14EB57CD4D30}.Release|x86.Build.0 = Release|Win32
		{757C7359-DDD5-4D8D-B043-71E31D9356AF}.Debug|x64.ActiveCfg = Debug|x64
		{757C7359-DDD5-4D8D-B043-71E31D9356AF}.Debug|x64.Build.0 = Debug|x64
		{757C7359-DDD5-4D8D-B043-71E31D9356AF}.Debug|x86.ActiveCfg = Debug|Win32
		{757C7359-DDD5-4D8D-B043-71E31D9356AF}.Debug|x86.Build.0 = Debug|Win32
		{757C7359-DDD5-4D8D-B043-71E31D9356AF}.Release|x64.ActiveCfg = Release|x64
		{757C7359-DDD5-4D8D-B043-71E31D9356AF}.Release|x64.Build.0 = Release|x64
		{757C7359-DDD5-4D8D-B043-71E31D9356AF}.Release|x86.ActiveCfg = Release|Win32
		{757C7359-DDD5-4D8D-B043-71E31D9356AF}.Release|x86.Build.0 = Release|Win32
		{ED05A893-091B-4D2E-B236-BE28892BE112}.Debug|x64.ActiveCfg = Debug|x64
		{ED05A893-091B-4D2E-B236-BE28892BE112}.Debug|x64.Build.0 = Debug|x64
		{ED05A893-091B-4D2E-B236-BE28892BE112}.Debug|x86.ActiveCfg = Debug|Win32
		{ED05A893-091B-4D2E-B236-BE28892BE112}.Debug|x86.Build.0 = Debug|Win32
		{ED05A893-091B-4D2E-B236-BE28892BE112}.Release|x64.ActiveCfg = Release|x64
		{ED05A893-091B-4D2E-B236-BE28892BE112}.Release|x64.Build.0 = Release|x64
		{ED05A893-091B-4D2E-B236-BE28892BE112}.Release|x86.ActiveCfg = Release|Win32
		{ED05A893-091B-4D2E-B236-BE28892BE112}.Release|x86.Build.0 = Release|Win32
		{9F0198F0-92CC-4A4B-92B8-8E1C18F51CCA}.Debug|x64.ActiveCfg = Debug|x64
		{9F0198F0-92CC-4A4B-92B8-8E1C18F51CCA}.Debug|x64.Build.0 = Debug|x64
		{9F0198F0-92CC-4A4B-92B8-8E1C18F51CCA}.Debug|x86.ActiveCfg = Debug|Win32
		{9F0198F0-92CC-4A4B-92B8-8E1C18F51CCA}.Debug|x86.Build.0 = Debug|Win32
		{9F0198F0-92CC-4A4B-92B8-8E1C18F51CCA}.Release|x64.ActiveCfg = Release|x64
		{9F0198F0-92CC-4A4B-92B8-8E1C18F51CCA}.Release|x64.Build.0 = Release|x64
		{9F0198F0-92CC-4A4B-92B8-8E1C18F51CCA}.Release|x86.ActiveCfg = Release|Win32
		{9F0198F0-92CC-4A4B-92B8-8E1C18F51CCA}.Release|x86.Build.0 = Release|Win32
		{E891148D-B125-49EE-90A0-AF2C35065F85}.Debug|x64.ActiveCfg = Debug|x64
		{E891148D-B125-49EE-90A0-AF2C35065F85}.Debug|x64.Build.0 = Debug|x64
		{E891148D-B125-49EE-90A0-AF2C35065F85}.Debug|x86.ActiveCfg = Debug|Win32
		{E891148D-B125-49EE-90A0-AF2C35065F85}.Debug|x86.Build.0 = Debug|Win32
		{E891148D-B125-49EE-90A0-AF2C35065F85}.Release|x64.ActiveCfg = Release|x64
		{E891148D-B125-49EE-90A0-AF2C35065F85}.Release|x64.Build.0 = Release|x64
		{E891148D-B125-49EE-90A0-AF2C35065F85}.Release|x86.ActiveCfg = Release|Win32
		{E891148D-B125-49EE-90A0-AF2C35065F85}.Release|x86.Build.0 = Release|Win32
		{CF8EE7FE-3630-4369-A156-E564C700BC87}.Debug|x64.ActiveCfg = Debug|x64
		{CF8EE7FE-3630-4369-A156-E564C700BC87}.Debug|x64.Build.0 = Debug|x64
		{CF8EE7FE-3630-4369-A156-E564C700BC87}.Debug|x86.ActiveCfg = Debug|Win32
		{CF8EE7FE-3630-4369-A156-E564C700BC87}.Debug|x86.Build.0 = Debug|Win32
		{CF8EE7FE-3630-4369-A156-E564C700BC87}.Release|x64.ActiveCfg = Release|x64
		{CF8EE7FE-3630-4369-A156-E564C700BC87}.Release|x64.Build.0 = Release|x64
		{CF8EE7FE-3630-4369-A156-E564C700BC87}.Release|x86.ActiveCfg = Release|Win32
		{CF8EE7FE-3630-4369-A156-E564C700BC87}.Release|x86.Build.0 = Release|Win32
		{952F1D88-A05D-4FE7-855E-D875179AE5AA}.Debug|x64.ActiveCfg = Debug|x64
		{952F1D88-A05D-4FE7-855E-D875179AE5AA}.Debug|x64.Build.0 = Debug|x64
		{952F1D88-A05D-4FE7-855E-D875179AE5AA}.Debug|x86.ActiveCfg = Debug|Win32
		{952F1D88-A05D-4FE7-855E-D875179AE5AA}.Debug|x86.Build.0 = Debug|Win32
		{952F1D88-A05D-4FE7-855E-D875179AE5AA}.Release|x64.ActiveCfg = Release|x64
		{952F1D88-A05D-4FE7-855E-D875179AE5AA}.Release|x64.Build.0 = Release|x64
		{952F1D88-A05D-4FE7-855E-D875179AE5AA}.Release|x86.ActiveCfg = Release|Win32
		{952F1D88-A05D-4FE7-855E-D875179AE5AA}.Release|x86.Build.0 = Release|Win32
		{16A96877-9609-496E-A192-53F8BA32DBC1}.Debug|x64.ActiveCfg = Debug|x64
		{16A96877-9609-496E-A192-53F8BA32DBC1}.Debug|x64.Build.0 = Debug|x64
		{16A96877-9609-496E-A192-53F8BA32DBC1}.Debug|x86.ActiveCfg = Debug|Win32
		{16A96877-9609-496E-A192-53F8BA32DBC1}.Debug|x86.Build.0 = Debug|Win32
		{16A96877-9609-496E-A192-53F8BA32DBC1}.Release|x64.ActiveCfg = Release|x64
		{16A96877-9609-496E-A192-53F8BA32DBC1}.Release|x64.Build.0 = Release|x64
		{16A96877-9609-496E-A192-53F8BA32DBC1}.Release|x86.ActiveCfg = Release|Win32
		{16A96877-9609-496E-A192-53F8BA32DBC1}.Release|x86.Build.0 = Release|Win32
		{46FB6072-FCEC-4AB8-B623-BDEFC4DBD363}.Debug|x64.ActiveCfg = Debug|x64
		{46FB6072-FCEC-4AB8-B623-BDEFC4DBD363}.Debug|x64.Build.0 = Debug|x64
		{46FB6072-FCEC-4AB8-B623-BDEFC4DBD363}.Debug|x86.ActiveCfg = Debug|Win32
		{46FB6072-FCEC-4AB8-B623-BDEFC4DBD363}.Debug|x86.Build.0 = Debug|Win32
		{46FB6072-FCEC-4AB8-B623-BDEFC4DBD363}.Release|x64.ActiveCfg = Release|x64
		{46FB6072-FCEC-4AB8-B623-BDEFC4DBD363}.Release|x64.Build.0 = Release|x64
		{46FB6072-FCEC-4AB8-B623-BDEFC4DBD363}.Release|x86.ActiveCfg = Release|Win32
		{46FB6072-FCEC-4AB8-B623-BDEFC4DBD363}.Release|x86.Build.0 = Release|Win32
		{639D5F8E-119E-491D-93E1-A9252EC2891A}.Debug|x64.ActiveCfg = Debug|x64
		{639D5F8E-119E-491D-93E1-A9252EC2891A}.Debug|x64.Build.0 = Debug|x64
		{639D5F8E-119E-491D-93E1-A9252EC2891A}.Debug|x86.ActiveCfg = Debug|Win32
		{639D5F8E-119E-491D-93E1-A9252EC2891A}.Debug|x86.Build.0 = Debug|Win32
		{639D5F8E-119E-491D-93E1-A9252EC2891A}.Release|x64.ActiveCfg = Release|x64
		{639D5F8E-119E-491D-93E1-A9252EC2891A}.Release|x64.Build.0 = Release|x64
		{639D5F8E-119E-491D-93E1-A9252EC2891A}.Release|x86.ActiveCfg = Release|Win32
		{639D5F8E-119E-491D-93E1-A9252EC2891A}.Release|x86.Build.0 = Release|Win32
	EndGlobalSection
	GlobalSection(SolutionProperties) = preSolution
		HideSolutionNode = FALSE
	EndGlobalSection
	GlobalSection(ExtensibilityGlobals) = postSolution
		SolutionGuid = {826905C9-6304-4502-8CC5-F5FC33D90151}
	EndGlobalSection
EndGlobal
